
Microsoft Visual Studio Solution File, Format Version 12.00
# Visual Studio Version 17
VisualStudioVersion = 17.12.35707.178
MinimumVisualStudioVersion = 10.0.40219.1
Project("{FAE04EC0-301F-11D3-BF4B-00C04F79EFBC}") = "OgreImage", "OgreImage\OgreImage.csproj", "{1F147EC2-AE60-44F8-8146-02730BEDC686}"
EndProject
Project("{FAE04EC0-301F-11D3-BF4B-00C04F79EFBC}") = "Teste", "Teste\Teste.csproj", "{4152681C-C1AF-437B-B6F0-F6C4CB36F317}"
EndProject
Global
	GlobalSection(SolutionConfigurationPlatforms) = preSolution
		Debug|x64 = Debug|x64
		Release|x64 = Release|x64
	EndGlobalSection
	GlobalSection(ProjectConfigurationPlatforms) = postSolution
		{1F147EC2-AE60-44F8-8146-02730BEDC686}.Debug|x64.ActiveCfg = Debug|x64
		{1F147EC2-AE60-44F8-8146-02730BEDC686}.Debug|x64.Build.0 = Debug|x64
		{1F147EC2-AE60-44F8-8146-02730BEDC686}.Release|x64.ActiveCfg = Release|x64
		{1F147EC2-AE60-44F8-8146-02730BEDC686}.Release|x64.Build.0 = Release|x64
		{4152681C-C1AF-437B-B6F0-F6C4CB36F317}.Debug|x64.ActiveCfg = Debug|x64
		{4152681C-C1AF-437B-B6F0-F6C4CB36F317}.Debug|x64.Build.0 = Debug|x64
		{4152681C-C1AF-437B-B6F0-F6C4CB36F317}.Release|x64.ActiveCfg = Release|x64
		{4152681C-C1AF-437B-B6F0-F6C4CB36F317}.Release|x64.Build.0 = Release|x64
	EndGlobalSection
	GlobalSection(SolutionProperties) = preSolution
		HideSolutionNode = FALSE
	EndGlobalSection
EndGlobal
